{
  "requires": true,
  "lockfileVersion": 1,
  "dependencies": {
    "just-validate": {
      "version": "1.5.0",
      "resolved": "https://registry.npmjs.org/just-validate/-/just-validate-1.5.0.tgz",
      "integrity": "sha512-avrGuoVZplYaXoSDXOg5RWvyKTERDCvqdi0aM55BdrmpUDW19k4vpFApdfy40rrjL3fytoGUMKfkEZKpBT3vHQ==",
      "requires": {
        "promise-polyfill": "^6.0.2"
      }
    },
    "package-lock.json": {
      "version": "1.0.0",
      "resolved": "https://registry.npmjs.org/package-lock.json/-/package-lock.json-1.0.0.tgz",
      "integrity": "sha512-+yEXtNdlCs5N0Zy/9uvkifgf/RqnGu0WqP4j9Wu1Us4YReFe1YNBh2Krmf8B1xGxjpYnta63K55QP8bkafnOzA=="
    },
    "promise-polyfill": {
      "version": "6.1.0",
      "resolved": "https://registry.npmjs.org/promise-polyfill/-/promise-polyfill-6.1.0.tgz",
      "integrity": "sha1-36lpQ+qcEh/KTem1hoyznTRy4Fc="
    }
  }
}
